# This file is autogenerated, do not edit; changes may be undone by the next 'dep ensure'.


[[projects]]
  branch = "master"
  name = "github.com/bennyg93/brocade-certificates"
  packages = ["."]
  revision = "a2303f81b621e574f72045551fe288946e5fb1f1"

[[projects]]
  branch = "master"
  name = "golang.org/x/crypto"
  packages = ["ssh/terminal"]
  revision = "81e90905daefcd6fd217b62423c0908922eadb30"

[[projects]]
  branch = "master"
  name = "golang.org/x/sys"
  packages = ["unix","windows"]
  revision = "a45f55524b7ec57890cfa6c6bc06b47f877be0d1"

[solve-meta]
  analyzer-name = "dep"
  analyzer-version = 1
  inputs-digest = "0585b2c46dab90486c245c5d03e99892c396c702f5939aac2c55025dfec1378e"
  solver-name = "gps-cdcl"
  solver-version = 1
