# This file is autogenerated, do not edit; changes may be undone by the next 'dep ensure'.


[[projects]]
  branch = "master"
  name = "golang.org/x/crypto"
  packages = ["ssh/terminal"]
  revision = "81e90905daefcd6fd217b62423c0908922eadb30"

[[projects]]
  branch = "master"
  name = "golang.org/x/sys"
  packages = ["unix","windows"]
  revision = "a45f55524b7ec57890cfa6c6bc06b47f877be0d1"

[solve-meta]
  analyzer-name = "dep"
  analyzer-version = 1
  inputs-digest = "e1aae4caa13baf710324018116b61e6dfd3a3b97f8c4a4df83be02c20829ee19"
  solver-name = "gps-cdcl"
  solver-version = 1
